
Microsoft Visual Studio Solution File, Format Version 12.00
# Visual Studio Version 16
VisualStudioVersion = 16.0.29009.5
MinimumVisualStudioVersion = 10.0.40219.1
Project("{FAE04EC0-301F-11D3-BF4B-00C04F79EFBC}") = "ForeachesBenchmark", "ForeachesBenchmark.csproj", "{C768281A-5EB6-4769-9015-0DA4D3349011}"
EndProject
Global
	GlobalSection(SolutionConfigurationPlatforms) = preSolution
		Debug|Any CPU = Debug|Any CPU
		Release|Any CPU = Release|Any CPU
	EndGlobalSection
	GlobalSection(ProjectConfigurationPlatforms) = postSolution
		{C768281A-5EB6-4769-9015-0DA4D3349011}.Debug|Any CPU.ActiveCfg = Debug|Any CPU
		{C768281A-5EB6-4769-9015-0DA4D3349011}.Debug|Any CPU.Build.0 = Debug|Any CPU
		{C768281A-5EB6-4769-9015-0DA4D3349011}.Release|Any CPU.ActiveCfg = Release|Any CPU
		{C768281A-5EB6-4769-9015-0DA4D3349011}.Release|Any CPU.Build.0 = Release|Any CPU
	EndGlobalSection
	GlobalSection(SolutionProperties) = preSolution
		HideSolutionNode = FALSE
	EndGlobalSection
	GlobalSection(ExtensibilityGlobals) = postSolution
		SolutionGuid = {6CD9DD4C-58DB-4C97-9062-6F1E62CC99E3}
	EndGlobalSection
EndGlobal
